// !$*UTF8*$!
{
	archiveVersion = 1;
	classes = {
	};
	objectVersion = 50;
	objects = {

/* Begin PBXBuildFile section */
		CD993C7522FA2CD000ABB67A /* AppDelegate.swift in Sources */ = {isa = PBXBuildFile; fileRef = CD993C7422FA2CD000ABB67A /* AppDelegate.swift */; };
		CD993C7722FA2CD000ABB67A /* DocumentBrowserViewController.swift in Sources */ = {isa = PBXBuildFile; fileRef = CD993C7622FA2CD000ABB67A /* DocumentBrowserViewController.swift */; };
		CD993C7922FA2CD000ABB67A /* DocumentViewController.swift in Sources */ = {isa = PBXBuildFile; fileRef = CD993C7822FA2CD000ABB67A /* DocumentViewController.swift */; };
		CD993C7B22FA2CD000ABB67A /* Document.swift in Sources */ = {isa = PBXBuildFile; fileRef = CD993C7A22FA2CD000ABB67A /* Document.swift */; };
		CD993C7E22FA2CD000ABB67A /* Main.storyboard in Resources */ = {isa = PBXBuildFile; fileRef = CD993C7C22FA2CD000ABB67A /* Main.storyboard */; };
		CD993C8022FA2CD100ABB67A /* Assets.xcassets in Resources */ = {isa = PBXBuildFile; fileRef = CD993C7F22FA2CD100ABB67A /* Assets.xcassets */; };
		CD993C8322FA2CD100ABB67A /* LaunchScreen.storyboard in Resources */ = {isa = PBXBuildFile; fileRef = CD993C8122FA2CD100ABB67A /* LaunchScreen.storyboard */; };
/* End PBXBuildFile section */

/* Begin PBXFileReference section */
		CD993C7122FA2CD000ABB67A /* iCloudTextEditor.app */ = {isa = PBXFileReference; explicitFileType = wrapper.application; includeInIndex = 0; path = iCloudTextEditor.app; sourceTree = BUILT_PRODUCTS_DIR; };
		CD993C7422FA2CD000ABB67A /* AppDelegate.swift */ = {isa = PBXFileReference; lastKnownFileType = sourcecode.swift; path = AppDelegate.swift; sourceTree = "<group>"; };
		CD993C7622FA2CD000ABB67A /* DocumentBrowserViewController.swift */ = {isa = PBXFileReference; lastKnownFileType = sourcecode.swift; path = DocumentBrowserViewController.swift; sourceTree = "<group>"; };
		CD993C7822FA2CD000ABB67A /* DocumentViewController.swift */ = {isa = PBXFileReference; lastKnownFileType = sourcecode.swift; path = DocumentViewController.swift; sourceTree = "<group>"; };
		CD993C7A22FA2CD000ABB67A /* Document.swift */ = {isa = PBXFileReference; lastKnownFileType = sourcecode.swift; path = Document.swift; sourceTree = "<group>"; };
		CD993C7D22FA2CD000ABB67A /* Base */ = {isa = PBXFileReference; lastKnownFileType = file.storyboard; name = Base; path = Base.lproj/Main.storyboard; sourceTree = "<group>"; };
		CD993C7F22FA2CD100ABB67A /* Assets.xcassets */ = {isa = PBXFileReference; lastKnownFileType = folder.assetcatalog; path = Assets.xcassets; sourceTree = "<group>"; };
		CD993C8222FA2CD100ABB67A /* Base */ = {isa = PBXFileReference; lastKnownFileType = file.storyboard; name = Base; path = Base.lproj/LaunchScreen.storyboard; sourceTree = "<group>"; };
		CD993C8422FA2CD100ABB67A /* Info.plist */ = {isa = PBXFileReference; lastKnownFileType = text.plist.xml; path = Info.plist; sourceTree = "<group>"; };
/* End PBXFileReference section */

/* Begin PBXFrameworksBuildPhase section */
		CD993C6E22FA2CD000ABB67A /* Frameworks */ = {
			isa = PBXFrameworksBuildPhase;
			buildActionMask = 2147483647;
			files = (
			);
			runOnlyForDeploymentPostprocessing = 0;
		};
/* End PBXFrameworksBuildPhase section */

/* Begin PBXGroup section */
		CD993C6822FA2CD000ABB67A = {
			isa = PBXGroup;
			children = (
				CD993C7322FA2CD000ABB67A /* iCloudTextEditor */,
				CD993C7222FA2CD000ABB67A /* Products */,
			);
			sourceTree = "<group>";
		};
		CD993C7222FA2CD000ABB67A /* Products */ = {
			isa = PBXGroup;
			children = (
				CD993C7122FA2CD000ABB67A /* iCloudTextEditor.app */,
			);
			name = Products;
			sourceTree = "<group>";
		};
		CD993C7322FA2CD000ABB67A /* iCloudTextEditor */ = {
			isa = PBXGroup;
			children = (
				CD993C7422FA2CD000ABB67A /* AppDelegate.swift */,
				CD993C7622FA2CD000ABB67A /* DocumentBrowserViewController.swift */,
				CD993C7822FA2CD000ABB67A /* DocumentViewController.swift */,
				CD993C7A22FA2CD000ABB67A /* Document.swift */,
				CD993C7C22FA2CD000ABB67A /* Main.storyboard */,
				CD993C7F22FA2CD100ABB67A /* Assets.xcassets */,
				CD993C8122FA2CD100ABB67A /* LaunchScreen.storyboard */,
				CD993C8422FA2CD100ABB67A /* Info.plist */,
			);
			path = iCloudTextEditor;
			sourceTree = "<group>";
		};
/* End PBXGroup section */

/* Begin PBXNativeTarget section */
		CD993C7022FA2CD000ABB67A /* iCloudTextEditor */ = {
			isa = PBXNativeTarget;
			buildConfigurationList = CD993C8722FA2CD100ABB67A /* Build configuration list for PBXNativeTarget "iCloudTextEditor" */;
			buildPhases = (
				CD993C6D22FA2CD000ABB67A /* Sources */,
				CD993C6E22FA2CD000ABB67A /* Frameworks */,
				CD993C6F22FA2CD000ABB67A /* Resources */,
			);
			buildRules = (
			);
			dependencies = (
			);
			name = iCloudTextEditor;
			productName = iCloudTextEditor;
			productReference = CD993C7122FA2CD000ABB67A /* iCloudTextEditor.app */;
			productType = "com.apple.product-type.application";
		};
/* End PBXNativeTarget section */

/* Begin PBXProject section */
		CD993C6922FA2CD000ABB67A /* Project object */ = {
			isa = PBXProject;
			attributes = {
				LastSwiftUpdateCheck = 1030;
				LastUpgradeCheck = 1030;
				ORGANIZATIONNAME = "Elyanil Liranzo Castro";
				TargetAttributes = {
					CD993C7022FA2CD000ABB67A = {
						CreatedOnToolsVersion = 10.3;
					};
				};
			};
			buildConfigurationList = CD993C6C22FA2CD000ABB67A /* Build configuration list for PBXProject "iCloudTextEditor" */;
			compatibilityVersion = "Xcode 9.3";
			developmentRegion = en;
			hasScannedForEncodings = 0;
			knownRegions = (
				en,
				Base,
			);
			mainGroup = CD993C6822FA2CD000ABB67A;
			productRefGroup = CD993C7222FA2CD000ABB67A /* Products */;
			projectDirPath = "";
			projectRoot = "";
			targets = (
				CD993C7022FA2CD000ABB67A /* iCloudTextEditor */,
			);
		};
/* End PBXProject section */

/* Begin PBXResourcesBuildPhase section */
		CD993C6F22FA2CD000ABB67A /* Resources */ = {
			isa = PBXResourcesBuildPhase;
			buildActionMask = 2147483647;
			files = (
				CD993C8322FA2CD100ABB67A /* LaunchScreen.storyboard in Resources */,
				CD993C8022FA2CD100ABB67A /* Assets.xcassets in Resources */,
				CD993C7E22FA2CD000ABB67A /* Main.storyboard in Resources */,
			);
			runOnlyForDeploymentPostprocessing = 0;
		};
/* End PBXResourcesBuildPhase section */

/* Begin PBXSourcesBuildPhase section */
		CD993C6D22FA2CD000ABB67A /* Sources */ = {
			isa = PBXSourcesBuildPhase;
			buildActionMask = 2147483647;
			files = (
				CD993C7B22FA2CD000ABB67A /* Document.swift in Sources */,
				CD993C7922FA2CD000ABB67A /* DocumentViewController.swift in Sources */,
				CD993C7722FA2CD000ABB67A /* DocumentBrowserViewController.swift in Sources */,
				CD993C7522FA2CD000ABB67A /* AppDelegate.swift in Sources */,
			);
			runOnlyForDeploymentPostprocessing = 0;
		};
/* End PBXSourcesBuildPhase section */

/* Begin PBXVariantGroup section */
		CD993C7C22FA2CD000ABB67A /* Main.storyboard */ = {
			isa = PBXVariantGroup;
			children = (
				CD993C7D22FA2CD000ABB67A /* Base */,
			);
			name = Main.storyboard;
			sourceTree = "<group>";
		};
		CD993C8122FA2CD100ABB67A /* LaunchScreen.storyboard */ = {
			isa = PBXVariantGroup;
			children = (
				CD993C8222FA2CD100ABB67A /* Base */,
			);
			name = LaunchScreen.storyboard;
			sourceTree = "<group>";
		};
/* End PBXVariantGroup section */

/* Begin XCBuildConfiguration section */
		CD993C8522FA2CD100ABB67A /* Debug */ = {
			isa = XCBuildConfiguration;
			buildSettings = {
				ALWAYS_SEARCH_USER_PATHS = NO;
				CLANG_ANALYZER_NONNULL = YES;
				CLANG_ANALYZER_NUMBER_OBJECT_CONVERSION = YES_AGGRESSIVE;
				CLANG_CXX_LANGUAGE_STANDARD = "gnu++14";
				CLANG_CXX_LIBRARY = "libc++";
				CLANG_ENABLE_MODULES = YES;
				CLANG_ENABLE_OBJC_ARC = YES;
				CLANG_ENABLE_OBJC_WEAK = YES;
				CLANG_WARN_BLOCK_CAPTURE_AUTORELEASING = YES;
				CLANG_WARN_BOOL_CONVERSION = YES;
				CLANG_WARN_COMMA = YES;
				CLANG_WARN_CONSTANT_CONVERSION = YES;
				CLANG_WARN_DEPRECATED_OBJC_IMPLEMENTATIONS = YES;
				CLANG_WARN_DIRECT_OBJC_ISA_USAGE = YES_ERROR;
				CLANG_WARN_DOCUMENTATION_COMMENTS = YES;
				CLANG_WARN_EMPTY_BODY = YES;
				CLANG_WARN_ENUM_CONVERSION = YES;
				CLANG_WARN_INFINITE_RECURSION = YES;
				CLANG_WARN_INT_CONVERSION = YES;
				CLANG_WARN_NON_LITERAL_NULL_CONVERSION = YES;
				CLANG_WARN_OBJC_IMPLICIT_RETAIN_SELF = YES;
				CLANG_WARN_OBJC_LITERAL_CONVERSION = YES;
				CLANG_WARN_OBJC_ROOT_CLASS = YES_ERROR;
				CLANG_WARN_RANGE_LOOP_ANALYSIS = YES;
				CLANG_WARN_STRICT_PROTOTYPES = YES;
				CLANG_WARN_SUSPICIOUS_MOVE = YES;
				CLANG_WARN_UNGUARDED_AVAILABILITY = YES_AGGRESSIVE;
				CLANG_WARN_UNREACHABLE_CODE = YES;
				CLANG_WARN__DUPLICATE_METHOD_MATCH = YES;
				CODE_SIGN_IDENTITY = "iPhone Developer";
				COPY_PHASE_STRIP = NO;
				DEBUG_INFORMATION_FORMAT = dwarf;
				ENABLE_STRICT_OBJC_MSGSEND = YES;
				ENABLE_TESTABILITY = YES;
				GCC_C_LANGUAGE_STANDARD = gnu11;
				GCC_DYNAMIC_NO_PIC = NO;
				GCC_NO_COMMON_BLOCKS = YES;
				GCC_OPTIMIZATION_LEVEL = 0;
				GCC_PREPROCESSOR_DEFINITIONS = (
					"DEBUG=1",
					"$(inherited)",
				);
				GCC_WARN_64_TO_32_BIT_CONVERSION = YES;
				GCC_WARN_ABOUT_RETURN_TYPE = YES_ERROR;
				GCC_WARN_UNDECLARED_SELECTOR = YES;
				GCC_WARN_UNINITIALIZED_AUTOS = YES_AGGRESSIVE;
				GCC_WARN_UNUSED_FUNCTION = YES;
				GCC_WARN_UNUSED_VARIABLE = YES;
				IPHONEOS_DEPLOYMENT_TARGET = 12.4;
				MTL_ENABLE_DEBUG_INFO = INCLUDE_SOURCE;
				MTL_FAST_MATH = YES;
				ONLY_ACTIVE_ARCH = YES;
				SDKROOT = iphoneos;
				SWIFT_ACTIVE_COMPILATION_CONDITIONS = DEBUG;
				SWIFT_OPTIMIZATION_LEVEL = "-Onone";
			};
			name = Debug;
		};
		CD993C8622FA2CD100ABB67A /* Release */ = {
			isa = XCBuildConfiguration;
			buildSettings = {
				ALWAYS_SEARCH_USER_PATHS = NO;
				CLANG_ANALYZER_NONNULL = YES;
				CLANG_ANALYZER_NUMBER_OBJECT_CONVERSION = YES_AGGRESSIVE;
				CLANG_CXX_LANGUAGE_STANDARD = "gnu++14";
				CLANG_CXX_LIBRARY = "libc++";
				CLANG_ENABLE_MODULES = YES;
				CLANG_ENABLE_OBJC_ARC = YES;
				CLANG_ENABLE_OBJC_WEAK = YES;
				CLANG_WARN_BLOCK_CAPTURE_AUTORELEASING = YES;
				CLANG_WARN_BOOL_CONVERSION = YES;
				CLANG_WARN_COMMA = YES;
				CLANG_WARN_CONSTANT_CONVERSION = YES;
				CLANG_WARN_DEPRECATED_OBJC_IMPLEMENTATIONS = YES;
				CLANG_WARN_DIRECT_OBJC_ISA_USAGE = YES_ERROR;
				CLANG_WARN_DOCUMENTATION_COMMENTS = YES;
				CLANG_WARN_EMPTY_BODY = YES;
				CLANG_WARN_ENUM_CONVERSION = YES;
				CLANG_WARN_INFINITE_RECURSION = YES;
				CLANG_WARN_INT_CONVERSION = YES;
				CLANG_WARN_NON_LITERAL_NULL_CONVERSION = YES;
				CLANG_WARN_OBJC_IMPLICIT_RETAIN_SELF = YES;
				CLANG_WARN_OBJC_LITERAL_CONVERSION = YES;
				CLANG_WARN_OBJC_ROOT_CLASS = YES_ERROR;
				CLANG_WARN_RANGE_LOOP_ANALYSIS = YES;
				CLANG_WARN_STRICT_PROTOTYPES = YES;
				CLANG_WARN_SUSPICIOUS_MOVE = YES;
				CLANG_WARN_UNGUARDED_AVAILABILITY = YES_AGGRESSIVE;
				CLANG_WARN_UNREACHABLE_CODE = YES;
				CLANG_WARN__DUPLICATE_METHOD_MATCH = YES;
				CODE_SIGN_IDENTITY = "iPhone Developer";
				COPY_PHASE_STRIP = NO;
				DEBUG_INFORMATION_FORMAT = "dwarf-with-dsym";
				ENABLE_NS_ASSERTIONS = NO;
				ENABLE_STRICT_OBJC_MSGSEND = YES;
				GCC_C_LANGUAGE_STANDARD = gnu11;
				GCC_NO_COMMON_BLOCKS = YES;
				GCC_WARN_64_TO_32_BIT_CONVERSION = YES;
				GCC_WARN_ABOUT_RETURN_TYPE = YES_ERROR;
				GCC_WARN_UNDECLARED_SELECTOR = YES;
				GCC_WARN_UNINITIALIZED_AUTOS = YES_AGGRESSIVE;
				GCC_WARN_UNUSED_FUNCTION = YES;
				GCC_WARN_UNUSED_VARIABLE = YES;
				IPHONEOS_DEPLOYMENT_TARGET = 12.4;
				MTL_ENABLE_DEBUG_INFO = NO;
				MTL_FAST_MATH = YES;
				SDKROOT = iphoneos;
				SWIFT_COMPILATION_MODE = wholemodule;
				SWIFT_OPTIMIZATION_LEVEL = "-O";
				VALIDATE_PRODUCT = YES;
			};
			name = Release;
		};
		CD993C8822FA2CD100ABB67A /* Debug */ = {
			isa = XCBuildConfiguration;
			buildSettings = {
				ASSETCATALOG_COMPILER_APPICON_NAME = AppIcon;
				CODE_SIGN_STYLE = Automatic;
				DEVELOPMENT_TEAM = 6EJN6WTQBM;
				INFOPLIST_FILE = iCloudTextEditor/Info.plist;
				LD_RUNPATH_SEARCH_PATHS = (
					"$(inherited)",
					"@executable_path/Frameworks",
				);
				PRODUCT_BUNDLE_IDENTIFIER = com.elyanilliranzocastro.iCloudTextEditor;
				PRODUCT_NAME = "$(TARGET_NAME)";
				SWIFT_VERSION = 5.0;
				TARGETED_DEVICE_FAMILY = "1,2";
			};
			name = Debug;
		};
		CD993C8922FA2CD100ABB67A /* Release */ = {
			isa = XCBuildConfiguration;
			buildSettings = {
				ASSETCATALOG_COMPILER_APPICON_NAME = AppIcon;
				CODE_SIGN_STYLE = Automatic;
				DEVELOPMENT_TEAM = 6EJN6WTQBM;
				INFOPLIST_FILE = iCloudTextEditor/Info.plist;
				LD_RUNPATH_SEARCH_PATHS = (
					"$(inherited)",
					"@executable_path/Frameworks",
				);
				PRODUCT_BUNDLE_IDENTIFIER = com.elyanilliranzocastro.iCloudTextEditor;
				PRODUCT_NAME = "$(TARGET_NAME)";
				SWIFT_VERSION = 5.0;
				TARGETED_DEVICE_FAMILY = "1,2";
			};
			name = Release;
		};
/* End XCBuildConfiguration section */

/* Begin XCConfigurationList section */
		CD993C6C22FA2CD000ABB67A /* Build configuration list for PBXProject "iCloudTextEditor" */ = {
			isa = XCConfigurationList;
			buildConfigurations = (
				CD993C8522FA2CD100ABB67A /* Debug */,
				CD993C8622FA2CD100ABB67A /* Release */,
			);
			defaultConfigurationIsVisible = 0;
			defaultConfigurationName = Release;
		};
		CD993C8722FA2CD100ABB67A /* Build configuration list for PBXNativeTarget "iCloudTextEditor" */ = {
			isa = XCConfigurationList;
			buildConfigurations = (
				CD993C8822FA2CD100ABB67A /* Debug */,
				CD993C8922FA2CD100ABB67A /* Release */,
			);
			defaultConfigurationIsVisible = 0;
			defaultConfigurationName = Release;
		};
/* End XCConfigurationList section */
	};
	rootObject = CD993C6922FA2CD000ABB67A /* Project object */;
}
